
Microsoft Visual Studio Solution File, Format Version 12.00
# Visual Studio Version 17
VisualStudioVersion = 17.7.34031.279
MinimumVisualStudioVersion = 10.0.40219.1
Project("{FAE04EC0-301F-11D3-BF4B-00C04F79EFBC}") = "Gurubank", "Gurubank\Gurubank.csproj", "{A0BB5A80-70E9-4BCB-8CFB-10975B3C826D}"
EndProject
Global
	GlobalSection(SolutionConfigurationPlatforms) = preSolution
		Debug|Any CPU = Debug|Any CPU
		Release|Any CPU = Release|Any CPU
	EndGlobalSection
	GlobalSection(ProjectConfigurationPlatforms) = postSolution
		{A0BB5A80-70E9-4BCB-8CFB-10975B3C826D}.Debug|Any CPU.ActiveCfg = Debug|Any CPU
		{A0BB5A80-70E9-4BCB-8CFB-10975B3C826D}.Debug|Any CPU.Build.0 = Debug|Any CPU
		{A0BB5A80-70E9-4BCB-8CFB-10975B3C826D}.Release|Any CPU.ActiveCfg = Release|Any CPU
		{A0BB5A80-70E9-4BCB-8CFB-10975B3C826D}.Release|Any CPU.Build.0 = Release|Any CPU
	EndGlobalSection
	GlobalSection(SolutionProperties) = preSolution
		HideSolutionNode = FALSE
	EndGlobalSection
	GlobalSection(ExtensibilityGlobals) = postSolution
		SolutionGuid = {F017B6F1-DC46-483D-BF58-1B2BF38AD04F}
	EndGlobalSection
EndGlobal
